{
  "lockfileVersion": 1,
  "workspaces": {
    "": {
      "name": "kafkaconsumer",
      "dependencies": {
        "@types/kafkajs-snappy": "^1.0.0",
        "kafkajs": "^2.2.4",
        "kafkajs-snappy": "^1.1.0",
        "snappy": "^7.3.1",
      },
      "devDependencies": {
        "@types/bun": "latest",
      },
      "peerDependencies": {
        "typescript": "^5",
      },
    },
  },
  "packages": {
    "@emnapi/core": ["@emnapi/core@1.4.5", "", { "dependencies": { "@emnapi/wasi-threads": "1.0.4", "tslib": "^2.4.0" } }, "sha512-XsLw1dEOpkSX/WucdqUhPWP7hDxSvZiY+fsUC14h+FtQ2Ifni4znbBt8punRX+Uj2JG/uDb8nEHVKvrVlvdZ5Q=="],

    "@emnapi/runtime": ["@emnapi/runtime@1.4.5", "", { "dependencies": { "tslib": "^2.4.0" } }, "sha512-++LApOtY0pEEz1zrd9vy1/zXVaVJJ/EbAF3u0fXIzPJEDtnITsBGbbK0EkM72amhl/R5b+5xx0Y/QhcVOpuulg=="],

    "@emnapi/wasi-threads": ["@emnapi/wasi-threads@1.0.4", "", { "dependencies": { "tslib": "^2.4.0" } }, "sha512-PJR+bOmMOPH8AtcTGAyYNiuJ3/Fcoj2XN/gBEWzDIKh254XO+mM9XoXHk5GNEhodxeMznbg7BlRojVbKN+gC6g=="],

    "@napi-rs/snappy-android-arm-eabi": ["@napi-rs/snappy-android-arm-eabi@7.3.1", "", { "os": "android", "cpu": "arm" }, "sha512-R0UqofETYj0Uem/5AZCxWokVSru0Liet98c4q9jmCEJnLtFBWxua7sGjGOwbhDH418ToEwQanPkP1A7huBOaXw=="],

    "@napi-rs/snappy-android-arm64": ["@napi-rs/snappy-android-arm64@7.3.1", "", { "os": "android", "cpu": "arm64" }, "sha512-goZXUcxOt3xx4IbEZKMoOXBSBdhBwuaJEx63EJAl2PcV4CWpCdKMeNBL+ARP3rVAM5eh+gKBbOpDSuWn/+93dA=="],

    "@napi-rs/snappy-darwin-arm64": ["@napi-rs/snappy-darwin-arm64@7.3.1", "", { "os": "darwin", "cpu": "arm64" }, "sha512-gOyQRi0r7Es+p06VmHfysIM10THxDuaf84thwMLgG0YgmzggRqeD3y+9wDwyxX1IRbFwoJV14mXhZVsGclGkEg=="],

    "@napi-rs/snappy-darwin-x64": ["@napi-rs/snappy-darwin-x64@7.3.1", "", { "os": "darwin", "cpu": "x64" }, "sha512-GJ3sfOmzWMPUPN78kUyELnZjZk0e659ZQjvz933njwQrA+6D4QUWYQuTU1Cy1aNT/s688lQ5PoUcNBOA4KA5FA=="],

    "@napi-rs/snappy-freebsd-x64": ["@napi-rs/snappy-freebsd-x64@7.3.1", "", { "os": "freebsd", "cpu": "x64" }, "sha512-Dm8kmld7jBrRjelwEPM9ympo7TggMaEOlzR/SoQSzKr7MWGJNph7IiLfW/yo85kjBxN/0f1DQFt15Ub3J6yh8A=="],

    "@napi-rs/snappy-linux-arm-gnueabihf": ["@napi-rs/snappy-linux-arm-gnueabihf@7.3.1", "", { "os": "linux", "cpu": "arm" }, "sha512-u82FBvmKGD4cQn5xND4lcPuaCQwU0KXVW9IdBgvvKtbkX1lqlaa5NnXkl/uYwn/5eQ03EEBEJfdoI4vF9IrUbw=="],

    "@napi-rs/snappy-linux-arm64-gnu": ["@napi-rs/snappy-linux-arm64-gnu@7.3.1", "", { "os": "linux", "cpu": "arm64" }, "sha512-DxIOe9s+Yiq6LrN0Cnz6XhW2/iKeUjoIXrd9C+VdRzzTKhDT+lYal6KBbTiGefMPKcwFSoQGGSbOzFf/88tZOA=="],

    "@napi-rs/snappy-linux-arm64-musl": ["@napi-rs/snappy-linux-arm64-musl@7.3.1", "", { "os": "linux", "cpu": "arm64" }, "sha512-tQN5obMjvMZU92vfzOV5T2gwhqVpqthOYRoXwj509WRLJRpR+BHTY3KbFdIX5jr4ajqpJTFlL/7mkTBOQ2kg6A=="],

    "@napi-rs/snappy-linux-arm64-ohos": ["@napi-rs/snappy-linux-arm64-ohos@7.3.1", "", { "os": "none", "cpu": "arm64" }, "sha512-wVMrPAc3OIsHbstX0wLQfFKiPU5yaaIRu9RjIls5+nO7weB/uSz26MbQrdzSd6kmO38IdAl5Q4WSOGH70FSaqQ=="],

    "@napi-rs/snappy-linux-ppc64-gnu": ["@napi-rs/snappy-linux-ppc64-gnu@7.3.1", "", { "os": "linux", "cpu": "ppc64" }, "sha512-hzFNK7lZYJWSvi1yDKPdWfjlkGU7iZ8dnFMDitw1ABi/YVGwB2k7tgNVUiUyqRovYB/Z/+P2cYiDHxxMpfqgrA=="],

    "@napi-rs/snappy-linux-riscv64-gnu": ["@napi-rs/snappy-linux-riscv64-gnu@7.3.1", "", { "os": "linux", "cpu": "none" }, "sha512-dz3Dp+/Nm77op+syU0Lmw8Y4V46hatdn0gauDh2272b0nAQjv4htBdxY/Bpd2TrTQCh8Kzh79kx2UuSsMX/1bQ=="],

    "@napi-rs/snappy-linux-s390x-gnu": ["@napi-rs/snappy-linux-s390x-gnu@7.3.1", "", { "os": "linux", "cpu": "s390x" }, "sha512-sMH5be7whr8r9ZBPR8fyZq5enOlhUf4E27sVLunobva/bDKkf5aAifigY/ZwB+h2S4H4sXeq/lg19FX+MgOgwg=="],

    "@napi-rs/snappy-linux-x64-gnu": ["@napi-rs/snappy-linux-x64-gnu@7.3.1", "", { "os": "linux", "cpu": "x64" }, "sha512-LlrGUa22WZ4ZsjwYoup7QlAcUTNtYSPRtSz0NN5hcRpphkieZxKzRC/84FqIFL1bwmJ77OVCrkoPZqMxgviR+A=="],

    "@napi-rs/snappy-linux-x64-musl": ["@napi-rs/snappy-linux-x64-musl@7.3.1", "", { "os": "linux", "cpu": "x64" }, "sha512-ezUqpEvsJjsrD2zjlvGjgly69h0WQa5S0xcgo7Hgrh1VAM2Vz9HpBWE56PJsmpJWWLfrx7rjRdz7jC2aWedyJQ=="],

    "@napi-rs/snappy-wasm32-wasi": ["@napi-rs/snappy-wasm32-wasi@7.3.1", "", { "dependencies": { "@napi-rs/wasm-runtime": "^1.0.1" }, "cpu": "none" }, "sha512-qqbNGaKeTgAv96eZEOMIS6ilHrnbyAsGqBrqGLgVE+plEO3yXwKpAyySxuQKqbcBjKnYAacz9fX4VI9t/tOUoA=="],

    "@napi-rs/snappy-win32-arm64-msvc": ["@napi-rs/snappy-win32-arm64-msvc@7.3.1", "", { "os": "win32", "cpu": "arm64" }, "sha512-MWmfhFkn/MZd/X2GzudYNDBjVWjALUtxrP5muFsog88Bc2Q+WIlEnHHzM9jKwaqqG4HZiECnGC9OSRU3iJF2zw=="],

    "@napi-rs/snappy-win32-ia32-msvc": ["@napi-rs/snappy-win32-ia32-msvc@7.3.1", "", { "os": "win32", "cpu": "ia32" }, "sha512-SNygyZzCKjq3r/nc9p9nW6PTW3hnPj6dG5cRYCs8kLXTQ1AYvIP1H0M8HmrCEdurOv8ow3JsoFadAUeekWsX/Q=="],

    "@napi-rs/snappy-win32-x64-msvc": ["@napi-rs/snappy-win32-x64-msvc@7.3.1", "", { "os": "win32", "cpu": "x64" }, "sha512-N5iGBhqZ6ja++svS711RyicmrwrOJWq0Kgy9ilmJCWKqy3LBY0YUNuEmI8zQoOlGKr4yy90vE4zrZaDyCce4NA=="],

    "@napi-rs/wasm-runtime": ["@napi-rs/wasm-runtime@1.0.1", "", { "dependencies": { "@emnapi/core": "^1.4.5", "@emnapi/runtime": "^1.4.5", "@tybys/wasm-util": "^0.10.0" } }, "sha512-KVlQ/jgywZpixGCKMNwxStmmbYEMyokZpCf2YuIChhfJA2uqfAKNEM8INz7zzTo55iEXfBhIIs3VqYyqzDLj8g=="],

    "@tybys/wasm-util": ["@tybys/wasm-util@0.10.0", "", { "dependencies": { "tslib": "^2.4.0" } }, "sha512-VyyPYFlOMNylG45GoAe0xDoLwWuowvf92F9kySqzYh8vmYm7D2u4iUJKa1tOUpS70Ku13ASrOkS4ScXFsTaCNQ=="],

    "@types/bun": ["@types/bun@1.2.19", "", { "dependencies": { "bun-types": "1.2.19" } }, "sha512-d9ZCmrH3CJ2uYKXQIUuZ/pUnTqIvLDS0SK7pFmbx8ma+ziH/FRMoAq5bYpRG7y+w1gl+HgyNZbtqgMq4W4e2Lg=="],

    "@types/kafkajs-snappy": ["@types/kafkajs-snappy@1.0.0", "", { "dependencies": { "@types/node": "*" } }, "sha512-P0DdLdmn5z4foYpCVTMpEGVpfrHG7C6cpzeysxw79rfyESp5/k0wiCOfI4euDKsc6N/2+BHaNoTGwmNLmxCUWw=="],

    "@types/node": ["@types/node@24.1.0", "", { "dependencies": { "undici-types": "~7.8.0" } }, "sha512-ut5FthK5moxFKH2T1CUOC6ctR67rQRvvHdFLCD2Ql6KXmMuCrjsSsRI9UsLCm9M18BMwClv4pn327UvB7eeO1w=="],

    "@types/react": ["@types/react@19.1.9", "", { "dependencies": { "csstype": "^3.0.2" } }, "sha512-WmdoynAX8Stew/36uTSVMcLJJ1KRh6L3IZRx1PZ7qJtBqT3dYTgyDTx8H1qoRghErydW7xw9mSJ3wS//tCRpFA=="],

    "bun-types": ["bun-types@1.2.19", "", { "dependencies": { "@types/node": "*" }, "peerDependencies": { "@types/react": "^19" } }, "sha512-uAOTaZSPuYsWIXRpj7o56Let0g/wjihKCkeRqUBhlLVM/Bt+Fj9xTo+LhC1OV1XDaGkz4hNC80et5xgy+9KTHQ=="],

    "csstype": ["csstype@3.1.3", "", {}, "sha512-M1uQkMl8rQK/szD0LNhtqxIPLpimGm8sOBwU7lLnCpSbTyY3yeU1Vc7l4KT5zT4s/yOxHH5O7tIuuLOCnLADRw=="],

    "kafkajs": ["kafkajs@2.2.4", "", {}, "sha512-j/YeapB1vfPT2iOIUn/vxdyKEuhuY2PxMBvf5JWux6iSaukAccrMtXEY/Lb7OvavDhOWME589bpLrEdnVHjfjA=="],

    "kafkajs-snappy": ["kafkajs-snappy@1.1.0", "", { "dependencies": { "snappyjs": "^0.6.0" } }, "sha512-M4h2WhlxhXmR64z8nwzfGa1Dhhz78vykRfySRL8tuYQ8e6JSOuclbF2FJ8jeMJP3EZWw3uhjvwHlz7Ucu3UdWA=="],

    "snappy": ["snappy@7.3.1", "", { "optionalDependencies": { "@napi-rs/snappy-android-arm-eabi": "7.3.1", "@napi-rs/snappy-android-arm64": "7.3.1", "@napi-rs/snappy-darwin-arm64": "7.3.1", "@napi-rs/snappy-darwin-x64": "7.3.1", "@napi-rs/snappy-freebsd-x64": "7.3.1", "@napi-rs/snappy-linux-arm-gnueabihf": "7.3.1", "@napi-rs/snappy-linux-arm64-gnu": "7.3.1", "@napi-rs/snappy-linux-arm64-musl": "7.3.1", "@napi-rs/snappy-linux-arm64-ohos": "7.3.1", "@napi-rs/snappy-linux-ppc64-gnu": "7.3.1", "@napi-rs/snappy-linux-riscv64-gnu": "7.3.1", "@napi-rs/snappy-linux-s390x-gnu": "7.3.1", "@napi-rs/snappy-linux-x64-gnu": "7.3.1", "@napi-rs/snappy-linux-x64-musl": "7.3.1", "@napi-rs/snappy-wasm32-wasi": "7.3.1", "@napi-rs/snappy-win32-arm64-msvc": "7.3.1", "@napi-rs/snappy-win32-ia32-msvc": "7.3.1", "@napi-rs/snappy-win32-x64-msvc": "7.3.1" } }, "sha512-gL+8v+QRisaXAcmGHoN+WSdaSoUy186LBRBGPewLt4/L/MWz2odkk7PHZARgG7UfhC4i5F+4ZrcwJ09J6u0jQA=="],

    "snappyjs": ["snappyjs@0.6.1", "", {}, "sha512-YIK6I2lsH072UE0aOFxxY1dPDCS43I5ktqHpeAsuLNYWkE5pGxRGWfDM4/vSUfNzXjC1Ivzt3qx31PCLmc9yqg=="],

    "tslib": ["tslib@2.8.1", "", {}, "sha512-oJFu94HQb+KVduSUQL7wnpmqnfmLsOA/nAh6b6EH0wCEoK0/mPeXU6c3wKDV83MkOuHPRHtSXKKU99IBazS/2w=="],

    "typescript": ["typescript@5.9.2", "", { "bin": { "tsc": "bin/tsc", "tsserver": "bin/tsserver" } }, "sha512-CWBzXQrc/qOkhidw1OzBTQuYRbfyxDXJMVJ1XNwUHGROVmuaeiEm3OslpZ1RV96d7SKKjZKrSJu3+t/xlw3R9A=="],

    "undici-types": ["undici-types@7.8.0", "", {}, "sha512-9UJ2xGDvQ43tYyVMpuHlsgApydB8ZKfVYTsLDhXkFL/6gfkp+U8xTGdh8pMJv1SpZna0zxG1DwsKZsreLbXBxw=="],
  }
}
